
Microsoft Visual Studio Solution File, Format Version 12.00
# Visual Studio 15
VisualStudioVersion = 15.0.26730.16
MinimumVisualStudioVersion = 10.0.40219.1
Project("{FAE04EC0-301F-11D3-BF4B-00C04F79EFBC}") = "CodingDojo5", "CodingDojo5\CodingDojo5.csproj", "{62D835D0-4B88-4CF7-AF82-497B3F2B0FEE}"
EndProject
Global
	GlobalSection(SolutionConfigurationPlatforms) = preSolution
		Debug|Any CPU = Debug|Any CPU
		Release|Any CPU = Release|Any CPU
	EndGlobalSection
	GlobalSection(ProjectConfigurationPlatforms) = postSolution
		{62D835D0-4B88-4CF7-AF82-497B3F2B0FEE}.Debug|Any CPU.ActiveCfg = Debug|Any CPU
		{62D835D0-4B88-4CF7-AF82-497B3F2B0FEE}.Debug|Any CPU.Build.0 = Debug|Any CPU
		{62D835D0-4B88-4CF7-AF82-497B3F2B0FEE}.Release|Any CPU.ActiveCfg = Release|Any CPU
		{62D835D0-4B88-4CF7-AF82-497B3F2B0FEE}.Release|Any CPU.Build.0 = Release|Any CPU
	EndGlobalSection
	GlobalSection(SolutionProperties) = preSolution
		HideSolutionNode = FALSE
	EndGlobalSection
	GlobalSection(ExtensibilityGlobals) = postSolution
		SolutionGuid = {49DB53D1-0C7D-4F17-BF35-3AE1C3671B0C}
	EndGlobalSection
EndGlobal
